
Microsoft Visual Studio Solution File, Format Version 12.00
# Visual Studio Version 17
VisualStudioVersion = 17.6.33829.357
MinimumVisualStudioVersion = 10.0.40219.1
Project("{FAE04EC0-301F-11D3-BF4B-00C04F79EFBC}") = "Anelli.Alessandro.4I.stampante", "Anelli.Alessandro.4I.stampante.csproj", "{F4820C0F-8EA2-4EF7-96B8-5AE7F6F9F05A}"
EndProject
Global
	GlobalSection(SolutionConfigurationPlatforms) = preSolution
		Debug|Any CPU = Debug|Any CPU
		Release|Any CPU = Release|Any CPU
	EndGlobalSection
	GlobalSection(ProjectConfigurationPlatforms) = postSolution
		{F4820C0F-8EA2-4EF7-96B8-5AE7F6F9F05A}.Debug|Any CPU.ActiveCfg = Debug|Any CPU
		{F4820C0F-8EA2-4EF7-96B8-5AE7F6F9F05A}.Debug|Any CPU.Build.0 = Debug|Any CPU
		{F4820C0F-8EA2-4EF7-96B8-5AE7F6F9F05A}.Release|Any CPU.ActiveCfg = Release|Any CPU
		{F4820C0F-8EA2-4EF7-96B8-5AE7F6F9F05A}.Release|Any CPU.Build.0 = Release|Any CPU
	EndGlobalSection
	GlobalSection(SolutionProperties) = preSolution
		HideSolutionNode = FALSE
	EndGlobalSection
	GlobalSection(ExtensibilityGlobals) = postSolution
		SolutionGuid = {1F7BDD7E-CA04-4D6C-A97E-515CA8F50565}
	EndGlobalSection
EndGlobal
